Microsoft Visual Studio Solution File, Format Version 12.00
# Visual Studio Version 17
VisualStudioVersion = 17.0.31903.59
MinimumVisualStudioVersion = 10.0.40219.1
Project("{FAE04EC0-301F-11D3-BF4B-00C04F79EFBC}") = "EzraBeacon.Api", "EzraBeacon.Api\EzraBeacon.Api.csproj", "{F1B5E444-8F3C-4B8F-B8B5-5E0F0F7E9A8C}"
EndProject
Project("{FAE04EC0-301F-11D3-BF4B-00C04F79EFBC}") = "EzraBeacon.Core", "EzraBeacon.Core\EzraBeacon.Core.csproj", "{A2B5E444-8F3C-4B8F-B8B5-5E0F0F7E9A8D}"
EndProject
Project("{FAE04EC0-301F-11D3-BF4B-00C04F79EFBC}") = "EzraBeacon.Infrastructure", "EzraBeacon.Infrastructure\EzraBeacon.Infrastructure.csproj", "{C3B5E444-8F3C-4B8F-B8B5-5E0F0F7E9A8E}"
EndProject
Project("{FAE04EC0-301F-11D3-BF4B-00C04F79EFBC}") = "EzraBeacon.Tests", "EzraBeacon.Tests\EzraBeacon.Tests.csproj", "{D4B5E444-8F3C-4B8F-B8B5-5E0F0F7E9A8F}"
EndProject
Global
	GlobalSection(SolutionConfigurationPlatforms) = preSolution
		Debug|Any CPU = Debug|Any CPU
		Release|Any CPU = Release|Any CPU
	EndGlobalSection
	GlobalSection(ProjectConfigurationPlatforms) = postSolution
		{F1B5E444-8F3C-4B8F-B8B5-5E0F0F7E9A8C}.Debug|Any CPU.ActiveCfg = Debug|Any CPU
		{F1B5E444-8F3C-4B8F-B8B5-5E0F0F7E9A8C}.Debug|Any CPU.Build.0 = Debug|Any CPU
		{F1B5E444-8F3C-4B8F-B8B5-5E0F0F7E9A8C}.Release|Any CPU.ActiveCfg = Release|Any CPU
		{F1B5E444-8F3C-4B8F-B8B5-5E0F0F7E9A8C}.Release|Any CPU.Build.0 = Release|Any CPU
		{A2B5E444-8F3C-4B8F-B8B5-5E0F0F7E9A8D}.Debug|Any CPU.ActiveCfg = Debug|Any CPU
		{A2B5E444-8F3C-4B8F-B8B5-5E0F0F7E9A8D}.Debug|Any CPU.Build.0 = Debug|Any CPU
		{A2B5E444-8F3C-4B8F-B8B5-5E0F0F7E9A8D}.Release|Any CPU.ActiveCfg = Release|Any CPU
		{A2B5E444-8F3C-4B8F-B8B5-5E0F0F7E9A8D}.Release|Any CPU.Build.0 = Release|Any CPU
		{C3B5E444-8F3C-4B8F-B8B5-5E0F0F7E9A8E}.Debug|Any CPU.ActiveCfg = Debug|Any CPU
		{C3B5E444-8F3C-4B8F-B8B5-5E0F0F7E9A8E}.Debug|Any CPU.Build.0 = Debug|Any CPU
		{C3B5E444-8F3C-4B8F-B8B5-5E0F0F7E9A8E}.Release|Any CPU.ActiveCfg = Release|Any CPU
		{C3B5E444-8F3C-4B8F-B8B5-5E0F0F7E9A8E}.Release|Any CPU.Build.0 = Release|Any CPU
		{D4B5E444-8F3C-4B8F-B8B5-5E0F0F7E9A8F}.Debug|Any CPU.ActiveCfg = Debug|Any CPU
		{D4B5E444-8F3C-4B8F-B8B5-5E0F0F7E9A8F}.Debug|Any CPU.Build.0 = Debug|Any CPU
		{D4B5E444-8F3C-4B8F-B8B5-5E0F0F7E9A8F}.Release|Any CPU.ActiveCfg = Release|Any CPU
		{D4B5E444-8F3C-4B8F-B8B5-5E0F0F7E9A8F}.Release|Any CPU.Build.0 = Release|Any CPU
	EndGlobalSection
	GlobalSection(SolutionProperties) = preSolution
		HideSolutionNode = FALSE
	EndGlobalSection
EndGlobal
